// !$*UTF8*$!
{
	archiveVersion = 1;
	classes = {
	};
	objectVersion = 55;
	objects = {

/* Begin PBXBuildFile section */
		6CD13BCE28BFD33500057B68 /* AppDelegate.swift in Sources */ = {isa = PBXBuildFile; fileRef = 6CD13BCD28BFD33500057B68 /* AppDelegate.swift */; };
		6CD13BD028BFD33500057B68 /* SceneDelegate.swift in Sources */ = {isa = PBXBuildFile; fileRef = 6CD13BCF28BFD33500057B68 /* SceneDelegate.swift */; };
		6CD13BD228BFD33500057B68 /* ViewController.swift in Sources */ = {isa = PBXBuildFile; fileRef = 6CD13BD128BFD33500057B68 /* ViewController.swift */; };
		6CD13BD528BFD33500057B68 /* Main.storyboard in Resources */ = {isa = PBXBuildFile; fileRef = 6CD13BD328BFD33500057B68 /* Main.storyboard */; };
		6CD13BD728BFD33700057B68 /* Assets.xcassets in Resources */ = {isa = PBXBuildFile; fileRef = 6CD13BD628BFD33700057B68 /* Assets.xcassets */; };
		6CD13BDA28BFD33700057B68 /* LaunchScreen.storyboard in Resources */ = {isa = PBXBuildFile; fileRef = 6CD13BD828BFD33700057B68 /* LaunchScreen.storyboard */; };
		6CD13BE528BFD33700057B68 /* MoviesAppTests.swift in Sources */ = {isa = PBXBuildFile; fileRef = 6CD13BE428BFD33700057B68 /* MoviesAppTests.swift */; };
		6CD13BEF28BFD33700057B68 /* MoviesAppUITests.swift in Sources */ = {isa = PBXBuildFile; fileRef = 6CD13BEE28BFD33700057B68 /* MoviesAppUITests.swift */; };
		6CD13BF128BFD33700057B68 /* MoviesAppUITestsLaunchTests.swift in Sources */ = {isa = PBXBuildFile; fileRef = 6CD13BF028BFD33700057B68 /* MoviesAppUITestsLaunchTests.swift */; };
		6CD13BFF28BFD3D700057B68 /* SnapKit in Frameworks */ = {isa = PBXBuildFile; productRef = 6CD13BFE28BFD3D700057B68 /* SnapKit */; };
		6CD13C0128BFDBAE00057B68 /* MoviesTableViewCell.swift in Sources */ = {isa = PBXBuildFile; fileRef = 6CD13C0028BFDBAE00057B68 /* MoviesTableViewCell.swift */; };
		6CD13C0328BFF39700057B68 /* MoviesModel.swift in Sources */ = {isa = PBXBuildFile; fileRef = 6CD13C0228BFF39700057B68 /* MoviesModel.swift */; };
/* End PBXBuildFile section */

/* Begin PBXContainerItemProxy section */
		6CD13BE128BFD33700057B68 /* PBXContainerItemProxy */ = {
			isa = PBXContainerItemProxy;
			containerPortal = 6CD13BC228BFD33500057B68 /* Project object */;
			proxyType = 1;
			remoteGlobalIDString = 6CD13BC928BFD33500057B68;
			remoteInfo = MoviesApp;
		};
		6CD13BEB28BFD33700057B68 /* PBXContainerItemProxy */ = {
			isa = PBXContainerItemProxy;
			containerPortal = 6CD13BC228BFD33500057B68 /* Project object */;
			proxyType = 1;
			remoteGlobalIDString = 6CD13BC928BFD33500057B68;
			remoteInfo = MoviesApp;
		};
/* End PBXContainerItemProxy section */

/* Begin PBXFileReference section */
		6CD13BCA28BFD33500057B68 /* MoviesApp.app */ = {isa = PBXFileReference; explicitFileType = wrapper.application; includeInIndex = 0; path = MoviesApp.app; sourceTree = BUILT_PRODUCTS_DIR; };
		6CD13BCD28BFD33500057B68 /* AppDelegate.swift */ = {isa = PBXFileReference; lastKnownFileType = sourcecode.swift; path = AppDelegate.swift; sourceTree = "<group>"; };
		6CD13BCF28BFD33500057B68 /* SceneDelegate.swift */ = {isa = PBXFileReference; lastKnownFileType = sourcecode.swift; path = SceneDelegate.swift; sourceTree = "<group>"; };
		6CD13BD128BFD33500057B68 /* ViewController.swift */ = {isa = PBXFileReference; lastKnownFileType = sourcecode.swift; path = ViewController.swift; sourceTree = "<group>"; };
		6CD13BD428BFD33500057B68 /* Base */ = {isa = PBXFileReference; lastKnownFileType = file.storyboard; name = Base; path = Base.lproj/Main.storyboard; sourceTree = "<group>"; };
		6CD13BD628BFD33700057B68 /* Assets.xcassets */ = {isa = PBXFileReference; lastKnownFileType = folder.assetcatalog; path = Assets.xcassets; sourceTree = "<group>"; };
		6CD13BD928BFD33700057B68 /* Base */ = {isa = PBXFileReference; lastKnownFileType = file.storyboard; name = Base; path = Base.lproj/LaunchScreen.storyboard; sourceTree = "<group>"; };
		6CD13BDB28BFD33700057B68 /* Info.plist */ = {isa = PBXFileReference; lastKnownFileType = text.plist.xml; path = Info.plist; sourceTree = "<group>"; };
		6CD13BE028BFD33700057B68 /* MoviesAppTests.xctest */ = {isa = PBXFileReference; explicitFileType = wrapper.cfbundle; includeInIndex = 0; path = MoviesAppTests.xctest; sourceTree = BUILT_PRODUCTS_DIR; };
		6CD13BE428BFD33700057B68 /* MoviesAppTests.swift */ = {isa = PBXFileReference; lastKnownFileType = sourcecode.swift; path = MoviesAppTests.swift; sourceTree = "<group>"; };
		6CD13BEA28BFD33700057B68 /* MoviesAppUITests.xctest */ = {isa = PBXFileReference; explicitFileType = wrapper.cfbundle; includeInIndex = 0; path = MoviesAppUITests.xctest; sourceTree = BUILT_PRODUCTS_DIR; };
		6CD13BEE28BFD33700057B68 /* MoviesAppUITests.swift */ = {isa = PBXFileReference; lastKnownFileType = sourcecode.swift; path = MoviesAppUITests.swift; sourceTree = "<group>"; };
		6CD13BF028BFD33700057B68 /* MoviesAppUITestsLaunchTests.swift */ = {isa = PBXFileReference; lastKnownFileType = sourcecode.swift; path = MoviesAppUITestsLaunchTests.swift; sourceTree = "<group>"; };
		6CD13C0028BFDBAE00057B68 /* MoviesTableViewCell.swift */ = {isa = PBXFileReference; lastKnownFileType = sourcecode.swift; path = MoviesTableViewCell.swift; sourceTree = "<group>"; };
		6CD13C0228BFF39700057B68 /* MoviesModel.swift */ = {isa = PBXFileReference; lastKnownFileType = sourcecode.swift; path = MoviesModel.swift; sourceTree = "<group>"; };
/* End PBXFileReference section */

/* Begin PBXFrameworksBuildPhase section */
		6CD13BC728BFD33500057B68 /* Frameworks */ = {
			isa = PBXFrameworksBuildPhase;
			buildActionMask = 2147483647;
			files = (
				6CD13BFF28BFD3D700057B68 /* SnapKit in Frameworks */,
			);
			runOnlyForDeploymentPostprocessing = 0;
		};
		6CD13BDD28BFD33700057B68 /* Frameworks */ = {
			isa = PBXFrameworksBuildPhase;
			buildActionMask = 2147483647;
			files = (
			);
			runOnlyForDeploymentPostprocessing = 0;
		};
		6CD13BE728BFD33700057B68 /* Frameworks */ = {
			isa = PBXFrameworksBuildPhase;
			buildActionMask = 2147483647;
			files = (
			);
			runOnlyForDeploymentPostprocessing = 0;
		};
/* End PBXFrameworksBuildPhase section */

/* Begin PBXGroup section */
		6CD13BC128BFD33500057B68 = {
			isa = PBXGroup;
			children = (
				6CD13BCC28BFD33500057B68 /* MoviesApp */,
				6CD13BE328BFD33700057B68 /* MoviesAppTests */,
				6CD13BED28BFD33700057B68 /* MoviesAppUITests */,
				6CD13BCB28BFD33500057B68 /* Products */,
			);
			sourceTree = "<group>";
		};
		6CD13BCB28BFD33500057B68 /* Products */ = {
			isa = PBXGroup;
			children = (
				6CD13BCA28BFD33500057B68 /* MoviesApp.app */,
				6CD13BE028BFD33700057B68 /* MoviesAppTests.xctest */,
				6CD13BEA28BFD33700057B68 /* MoviesAppUITests.xctest */,
			);
			name = Products;
			sourceTree = "<group>";
		};
		6CD13BCC28BFD33500057B68 /* MoviesApp */ = {
			isa = PBXGroup;
			children = (
				6CD13BCD28BFD33500057B68 /* AppDelegate.swift */,
				6CD13BCF28BFD33500057B68 /* SceneDelegate.swift */,
				6CD13BD128BFD33500057B68 /* ViewController.swift */,
				6CD13C0228BFF39700057B68 /* MoviesModel.swift */,
				6CD13C0028BFDBAE00057B68 /* MoviesTableViewCell.swift */,
				6CD13BD328BFD33500057B68 /* Main.storyboard */,
				6CD13BD628BFD33700057B68 /* Assets.xcassets */,
				6CD13BD828BFD33700057B68 /* LaunchScreen.storyboard */,
				6CD13BDB28BFD33700057B68 /* Info.plist */,
			);
			path = MoviesApp;
			sourceTree = "<group>";
		};
		6CD13BE328BFD33700057B68 /* MoviesAppTests */ = {
			isa = PBXGroup;
			children = (
				6CD13BE428BFD33700057B68 /* MoviesAppTests.swift */,
			);
			path = MoviesAppTests;
			sourceTree = "<group>";
		};
		6CD13BED28BFD33700057B68 /* MoviesAppUITests */ = {
			isa = PBXGroup;
			children = (
				6CD13BEE28BFD33700057B68 /* MoviesAppUITests.swift */,
				6CD13BF028BFD33700057B68 /* MoviesAppUITestsLaunchTests.swift */,
			);
			path = MoviesAppUITests;
			sourceTree = "<group>";
		};
/* End PBXGroup section */

/* Begin PBXNativeTarget section */
		6CD13BC928BFD33500057B68 /* MoviesApp */ = {
			isa = PBXNativeTarget;
			buildConfigurationList = 6CD13BF428BFD33700057B68 /* Build configuration list for PBXNativeTarget "MoviesApp" */;
			buildPhases = (
				6CD13BC628BFD33500057B68 /* Sources */,
				6CD13BC728BFD33500057B68 /* Frameworks */,
				6CD13BC828BFD33500057B68 /* Resources */,
			);
			buildRules = (
			);
			dependencies = (
			);
			name = MoviesApp;
			packageProductDependencies = (
				6CD13BFE28BFD3D700057B68 /* SnapKit */,
			);
			productName = MoviesApp;
			productReference = 6CD13BCA28BFD33500057B68 /* MoviesApp.app */;
			productType = "com.apple.product-type.application";
		};
		6CD13BDF28BFD33700057B68 /* MoviesAppTests */ = {
			isa = PBXNativeTarget;
			buildConfigurationList = 6CD13BF728BFD33700057B68 /* Build configuration list for PBXNativeTarget "MoviesAppTests" */;
			buildPhases = (
				6CD13BDC28BFD33700057B68 /* Sources */,
				6CD13BDD28BFD33700057B68 /* Frameworks */,
				6CD13BDE28BFD33700057B68 /* Resources */,
			);
			buildRules = (
			);
			dependencies = (
				6CD13BE228BFD33700057B68 /* PBXTargetDependency */,
			);
			name = MoviesAppTests;
			productName = MoviesAppTests;
			productReference = 6CD13BE028BFD33700057B68 /* MoviesAppTests.xctest */;
			productType = "com.apple.product-type.bundle.unit-test";
		};
		6CD13BE928BFD33700057B68 /* MoviesAppUITests */ = {
			isa = PBXNativeTarget;
			buildConfigurationList = 6CD13BFA28BFD33700057B68 /* Build configuration list for PBXNativeTarget "MoviesAppUITests" */;
			buildPhases = (
				6CD13BE628BFD33700057B68 /* Sources */,
				6CD13BE728BFD33700057B68 /* Frameworks */,
				6CD13BE828BFD33700057B68 /* Resources */,
			);
			buildRules = (
			);
			dependencies = (
				6CD13BEC28BFD33700057B68 /* PBXTargetDependency */,
			);
			name = MoviesAppUITests;
			productName = MoviesAppUITests;
			productReference = 6CD13BEA28BFD33700057B68 /* MoviesAppUITests.xctest */;
			productType = "com.apple.product-type.bundle.ui-testing";
		};
/* End PBXNativeTarget section */

/* Begin PBXProject section */
		6CD13BC228BFD33500057B68 /* Project object */ = {
			isa = PBXProject;
			attributes = {
				BuildIndependentTargetsInParallel = 1;
				LastSwiftUpdateCheck = 1340;
				LastUpgradeCheck = 1340;
				TargetAttributes = {
					6CD13BC928BFD33500057B68 = {
						CreatedOnToolsVersion = 13.4.1;
					};
					6CD13BDF28BFD33700057B68 = {
						CreatedOnToolsVersion = 13.4.1;
						TestTargetID = 6CD13BC928BFD33500057B68;
					};
					6CD13BE928BFD33700057B68 = {
						CreatedOnToolsVersion = 13.4.1;
						TestTargetID = 6CD13BC928BFD33500057B68;
					};
				};
			};
			buildConfigurationList = 6CD13BC528BFD33500057B68 /* Build configuration list for PBXProject "MoviesApp" */;
			compatibilityVersion = "Xcode 13.0";
			developmentRegion = en;
			hasScannedForEncodings = 0;
			knownRegions = (
				en,
				Base,
			);
			mainGroup = 6CD13BC128BFD33500057B68;
			packageReferences = (
				6CD13BFD28BFD3D700057B68 /* XCRemoteSwiftPackageReference "SnapKit" */,
			);
			productRefGroup = 6CD13BCB28BFD33500057B68 /* Products */;
			projectDirPath = "";
			projectRoot = "";
			targets = (
				6CD13BC928BFD33500057B68 /* MoviesApp */,
				6CD13BDF28BFD33700057B68 /* MoviesAppTests */,
				6CD13BE928BFD33700057B68 /* MoviesAppUITests */,
			);
		};
/* End PBXProject section */

/* Begin PBXResourcesBuildPhase section */
		6CD13BC828BFD33500057B68 /* Resources */ = {
			isa = PBXResourcesBuildPhase;
			buildActionMask = 2147483647;
			files = (
				6CD13BDA28BFD33700057B68 /* LaunchScreen.storyboard in Resources */,
				6CD13BD728BFD33700057B68 /* Assets.xcassets in Resources */,
				6CD13BD528BFD33500057B68 /* Main.storyboard in Resources */,
			);
			runOnlyForDeploymentPostprocessing = 0;
		};
		6CD13BDE28BFD33700057B68 /* Resources */ = {
			isa = PBXResourcesBuildPhase;
			buildActionMask = 2147483647;
			files = (
			);
			runOnlyForDeploymentPostprocessing = 0;
		};
		6CD13BE828BFD33700057B68 /* Resources */ = {
			isa = PBXResourcesBuildPhase;
			buildActionMask = 2147483647;
			files = (
			);
			runOnlyForDeploymentPostprocessing = 0;
		};
/* End PBXResourcesBuildPhase section */

/* Begin PBXSourcesBuildPhase section */
		6CD13BC628BFD33500057B68 /* Sources */ = {
			isa = PBXSourcesBuildPhase;
			buildActionMask = 2147483647;
			files = (
				6CD13C0328BFF39700057B68 /* MoviesModel.swift in Sources */,
				6CD13BD228BFD33500057B68 /* ViewController.swift in Sources */,
				6CD13BCE28BFD33500057B68 /* AppDelegate.swift in Sources */,
				6CD13C0128BFDBAE00057B68 /* MoviesTableViewCell.swift in Sources */,
				6CD13BD028BFD33500057B68 /* SceneDelegate.swift in Sources */,
			);
			runOnlyForDeploymentPostprocessing = 0;
		};
		6CD13BDC28BFD33700057B68 /* Sources */ = {
			isa = PBXSourcesBuildPhase;
			buildActionMask = 2147483647;
			files = (
				6CD13BE528BFD33700057B68 /* MoviesAppTests.swift in Sources */,
			);
			runOnlyForDeploymentPostprocessing = 0;
		};
		6CD13BE628BFD33700057B68 /* Sources */ = {
			isa = PBXSourcesBuildPhase;
			buildActionMask = 2147483647;
			files = (
				6CD13BEF28BFD33700057B68 /* MoviesAppUITests.swift in Sources */,
				6CD13BF128BFD33700057B68 /* MoviesAppUITestsLaunchTests.swift in Sources */,
			);
			runOnlyForDeploymentPostprocessing = 0;
		};
/* End PBXSourcesBuildPhase section */

/* Begin PBXTargetDependency section */
		6CD13BE228BFD33700057B68 /* PBXTargetDependency */ = {
			isa = PBXTargetDependency;
			target = 6CD13BC928BFD33500057B68 /* MoviesApp */;
			targetProxy = 6CD13BE128BFD33700057B68 /* PBXContainerItemProxy */;
		};
		6CD13BEC28BFD33700057B68 /* PBXTargetDependency */ = {
			isa = PBXTargetDependency;
			target = 6CD13BC928BFD33500057B68 /* MoviesApp */;
			targetProxy = 6CD13BEB28BFD33700057B68 /* PBXContainerItemProxy */;
		};
/* End PBXTargetDependency section */

/* Begin PBXVariantGroup section */
		6CD13BD328BFD33500057B68 /* Main.storyboard */ = {
			isa = PBXVariantGroup;
			children = (
				6CD13BD428BFD33500057B68 /* Base */,
			);
			name = Main.storyboard;
			sourceTree = "<group>";
		};
		6CD13BD828BFD33700057B68 /* LaunchScreen.storyboard */ = {
			isa = PBXVariantGroup;
			children = (
				6CD13BD928BFD33700057B68 /* Base */,
			);
			name = LaunchScreen.storyboard;
			sourceTree = "<group>";
		};
/* End PBXVariantGroup section */

/* Begin XCBuildConfiguration section */
		6CD13BF228BFD33700057B68 /* Debug */ = {
			isa = XCBuildConfiguration;
			buildSettings = {
				ALWAYS_SEARCH_USER_PATHS = NO;
				CLANG_ANALYZER_NONNULL = YES;
				CLANG_ANALYZER_NUMBER_OBJECT_CONVERSION = YES_AGGRESSIVE;
				CLANG_CXX_LANGUAGE_STANDARD = "gnu++17";
				CLANG_ENABLE_MODULES = YES;
				CLANG_ENABLE_OBJC_ARC = YES;
				CLANG_ENABLE_OBJC_WEAK = YES;
				CLANG_WARN_BLOCK_CAPTURE_AUTORELEASING = YES;
				CLANG_WARN_BOOL_CONVERSION = YES;
				CLANG_WARN_COMMA = YES;
				CLANG_WARN_CONSTANT_CONVERSION = YES;
				CLANG_WARN_DEPRECATED_OBJC_IMPLEMENTATIONS = YES;
				CLANG_WARN_DIRECT_OBJC_ISA_USAGE = YES_ERROR;
				CLANG_WARN_DOCUMENTATION_COMMENTS = YES;
				CLANG_WARN_EMPTY_BODY = YES;
				CLANG_WARN_ENUM_CONVERSION = YES;
				CLANG_WARN_INFINITE_RECURSION = YES;
				CLANG_WARN_INT_CONVERSION = YES;
				CLANG_WARN_NON_LITERAL_NULL_CONVERSION = YES;
				CLANG_WARN_OBJC_IMPLICIT_RETAIN_SELF = YES;
				CLANG_WARN_OBJC_LITERAL_CONVERSION = YES;
				CLANG_WARN_OBJC_ROOT_CLASS = YES_ERROR;
				CLANG_WARN_QUOTED_INCLUDE_IN_FRAMEWORK_HEADER = YES;
				CLANG_WARN_RANGE_LOOP_ANALYSIS = YES;
				CLANG_WARN_STRICT_PROTOTYPES = YES;
				CLANG_WARN_SUSPICIOUS_MOVE = YES;
				CLANG_WARN_UNGUARDED_AVAILABILITY = YES_AGGRESSIVE;
				CLANG_WARN_UNREACHABLE_CODE = YES;
				CLANG_WARN__DUPLICATE_METHOD_MATCH = YES;
				COPY_PHASE_STRIP = NO;
				DEBUG_INFORMATION_FORMAT = dwarf;
				ENABLE_STRICT_OBJC_MSGSEND = YES;
				ENABLE_TESTABILITY = YES;
				GCC_C_LANGUAGE_STANDARD = gnu11;
				GCC_DYNAMIC_NO_PIC = NO;
				GCC_NO_COMMON_BLOCKS = YES;
				GCC_OPTIMIZATION_LEVEL = 0;
				GCC_PREPROCESSOR_DEFINITIONS = (
					"DEBUG=1",
					"$(inherited)",
				);
				GCC_WARN_64_TO_32_BIT_CONVERSION = YES;
				GCC_WARN_ABOUT_RETURN_TYPE = YES_ERROR;
				GCC_WARN_UNDECLARED_SELECTOR = YES;
				GCC_WARN_UNINITIALIZED_AUTOS = YES_AGGRESSIVE;
				GCC_WARN_UNUSED_FUNCTION = YES;
				GCC_WARN_UNUSED_VARIABLE = YES;
				IPHONEOS_DEPLOYMENT_TARGET = 15.5;
				MTL_ENABLE_DEBUG_INFO = INCLUDE_SOURCE;
				MTL_FAST_MATH = YES;
				ONLY_ACTIVE_ARCH = YES;
				SDKROOT = iphoneos;
				SWIFT_ACTIVE_COMPILATION_CONDITIONS = DEBUG;
				SWIFT_OPTIMIZATION_LEVEL = "-Onone";
			};
			name = Debug;
		};
		6CD13BF328BFD33700057B68 /* Release */ = {
			isa = XCBuildConfiguration;
			buildSettings = {
				ALWAYS_SEARCH_USER_PATHS = NO;
				CLANG_ANALYZER_NONNULL = YES;
				CLANG_ANALYZER_NUMBER_OBJECT_CONVERSION = YES_AGGRESSIVE;
				CLANG_CXX_LANGUAGE_STANDARD = "gnu++17";
				CLANG_ENABLE_MODULES = YES;
				CLANG_ENABLE_OBJC_ARC = YES;
				CLANG_ENABLE_OBJC_WEAK = YES;
				CLANG_WARN_BLOCK_CAPTURE_AUTORELEASING = YES;
				CLANG_WARN_BOOL_CONVERSION = YES;
				CLANG_WARN_COMMA = YES;
				CLANG_WARN_CONSTANT_CONVERSION = YES;
				CLANG_WARN_DEPRECATED_OBJC_IMPLEMENTATIONS = YES;
				CLANG_WARN_DIRECT_OBJC_ISA_USAGE = YES_ERROR;
				CLANG_WARN_DOCUMENTATION_COMMENTS = YES;
				CLANG_WARN_EMPTY_BODY = YES;
				CLANG_WARN_ENUM_CONVERSION = YES;
				CLANG_WARN_INFINITE_RECURSION = YES;
				CLANG_WARN_INT_CONVERSION = YES;
				CLANG_WARN_NON_LITERAL_NULL_CONVERSION = YES;
				CLANG_WARN_OBJC_IMPLICIT_RETAIN_SELF = YES;
				CLANG_WARN_OBJC_LITERAL_CONVERSION = YES;
				CLANG_WARN_OBJC_ROOT_CLASS = YES_ERROR;
				CLANG_WARN_QUOTED_INCLUDE_IN_FRAMEWORK_HEADER = YES;
				CLANG_WARN_RANGE_LOOP_ANALYSIS = YES;
				CLANG_WARN_STRICT_PROTOTYPES = YES;
				CLANG_WARN_SUSPICIOUS_MOVE = YES;
				CLANG_WARN_UNGUARDED_AVAILABILITY = YES_AGGRESSIVE;
				CLANG_WARN_UNREACHABLE_CODE = YES;
				CLANG_WARN__DUPLICATE_METHOD_MATCH = YES;
				COPY_PHASE_STRIP = NO;
				DEBUG_INFORMATION_FORMAT = "dwarf-with-dsym";
				ENABLE_NS_ASSERTIONS = NO;
				ENABLE_STRICT_OBJC_MSGSEND = YES;
				GCC_C_LANGUAGE_STANDARD = gnu11;
				GCC_NO_COMMON_BLOCKS = YES;
				GCC_WARN_64_TO_32_BIT_CONVERSION = YES;
				GCC_WARN_ABOUT_RETURN_TYPE = YES_ERROR;
				GCC_WARN_UNDECLARED_SELECTOR = YES;
				GCC_WARN_UNINITIALIZED_AUTOS = YES_AGGRESSIVE;
				GCC_WARN_UNUSED_FUNCTION = YES;
				GCC_WARN_UNUSED_VARIABLE = YES;
				IPHONEOS_DEPLOYMENT_TARGET = 15.5;
				MTL_ENABLE_DEBUG_INFO = NO;
				MTL_FAST_MATH = YES;
				SDKROOT = iphoneos;
				SWIFT_COMPILATION_MODE = wholemodule;
				SWIFT_OPTIMIZATION_LEVEL = "-O";
				VALIDATE_PRODUCT = YES;
			};
			name = Release;
		};
		6CD13BF528BFD33700057B68 /* Debug */ = {
			isa = XCBuildConfiguration;
			buildSettings = {
				ASSETCATALOG_COMPILER_APPICON_NAME = AppIcon;
				ASSETCATALOG_COMPILER_GLOBAL_ACCENT_COLOR_NAME = AccentColor;
				CODE_SIGN_STYLE = Automatic;
				CURRENT_PROJECT_VERSION = 1;
				GENERATE_INFOPLIST_FILE = YES;
				INFOPLIST_FILE = MoviesApp/Info.plist;
				INFOPLIST_KEY_UIApplicationSupportsIndirectInputEvents = YES;
				INFOPLIST_KEY_UILaunchStoryboardName = LaunchScreen;
				INFOPLIST_KEY_UIMainStoryboardFile = Main;
				INFOPLIST_KEY_UISupportedInterfaceOrientations_iPad = "UIInterfaceOrientationPortrait UIInterfaceOrientationPortraitUpsideDown UIInterfaceOrientationLandscapeLeft UIInterfaceOrientationLandscapeRight";
				INFOPLIST_KEY_UISupportedInterfaceOrientations_iPhone = "UIInterfaceOrientationPortrait UIInterfaceOrientationLandscapeLeft UIInterfaceOrientationLandscapeRight";
				LD_RUNPATH_SEARCH_PATHS = (
					"$(inherited)",
					"@executable_path/Frameworks",
				);
				MARKETING_VERSION = 1.0;
				PRODUCT_BUNDLE_IDENTIFIER = com.APIFirstProject.MoviesApp;
				PRODUCT_NAME = "$(TARGET_NAME)";
				SWIFT_EMIT_LOC_STRINGS = YES;
				SWIFT_VERSION = 5.0;
				TARGETED_DEVICE_FAMILY = "1,2";
			};
			name = Debug;
		};
		6CD13BF628BFD33700057B68 /* Release */ = {
			isa = XCBuildConfiguration;
			buildSettings = {
				ASSETCATALOG_COMPILER_APPICON_NAME = AppIcon;
				ASSETCATALOG_COMPILER_GLOBAL_ACCENT_COLOR_NAME = AccentColor;
				CODE_SIGN_STYLE = Automatic;
				CURRENT_PROJECT_VERSION = 1;
				GENERATE_INFOPLIST_FILE = YES;
				INFOPLIST_FILE = MoviesApp/Info.plist;
				INFOPLIST_KEY_UIApplicationSupportsIndirectInputEvents = YES;
				INFOPLIST_KEY_UILaunchStoryboardName = LaunchScreen;
				INFOPLIST_KEY_UIMainStoryboardFile = Main;
				INFOPLIST_KEY_UISupportedInterfaceOrientations_iPad = "UIInterfaceOrientationPortrait UIInterfaceOrientationPortraitUpsideDown UIInterfaceOrientationLandscapeLeft UIInterfaceOrientationLandscapeRight";
				INFOPLIST_KEY_UISupportedInterfaceOrientations_iPhone = "UIInterfaceOrientationPortrait UIInterfaceOrientationLandscapeLeft UIInterfaceOrientationLandscapeRight";
				LD_RUNPATH_SEARCH_PATHS = (
					"$(inherited)",
					"@executable_path/Frameworks",
				);
				MARKETING_VERSION = 1.0;
				PRODUCT_BUNDLE_IDENTIFIER = com.APIFirstProject.MoviesApp;
				PRODUCT_NAME = "$(TARGET_NAME)";
				SWIFT_EMIT_LOC_STRINGS = YES;
				SWIFT_VERSION = 5.0;
				TARGETED_DEVICE_FAMILY = "1,2";
			};
			name = Release;
		};
		6CD13BF828BFD33700057B68 /* Debug */ = {
			isa = XCBuildConfiguration;
			buildSettings = {
				ALWAYS_EMBED_SWIFT_STANDARD_LIBRARIES = YES;
				BUNDLE_LOADER = "$(TEST_HOST)";
				CODE_SIGN_STYLE = Automatic;
				CURRENT_PROJECT_VERSION = 1;
				GENERATE_INFOPLIST_FILE = YES;
				IPHONEOS_DEPLOYMENT_TARGET = 15.5;
				MARKETING_VERSION = 1.0;
				PRODUCT_BUNDLE_IDENTIFIER = com.APIFirstProject.MoviesAppTests;
				PRODUCT_NAME = "$(TARGET_NAME)";
				SWIFT_EMIT_LOC_STRINGS = NO;
				SWIFT_VERSION = 5.0;
				TARGETED_DEVICE_FAMILY = "1,2";
				TEST_HOST = "$(BUILT_PRODUCTS_DIR)/MoviesApp.app/MoviesApp";
			};
			name = Debug;
		};
		6CD13BF928BFD33700057B68 /* Release */ = {
			isa = XCBuildConfiguration;
			buildSettings = {
				ALWAYS_EMBED_SWIFT_STANDARD_LIBRARIES = YES;
				BUNDLE_LOADER = "$(TEST_HOST)";
				CODE_SIGN_STYLE = Automatic;
				CURRENT_PROJECT_VERSION = 1;
				GENERATE_INFOPLIST_FILE = YES;
				IPHONEOS_DEPLOYMENT_TARGET = 15.5;
				MARKETING_VERSION = 1.0;
				PRODUCT_BUNDLE_IDENTIFIER = com.APIFirstProject.MoviesAppTests;
				PRODUCT_NAME = "$(TARGET_NAME)";
				SWIFT_EMIT_LOC_STRINGS = NO;
				SWIFT_VERSION = 5.0;
				TARGETED_DEVICE_FAMILY = "1,2";
				TEST_HOST = "$(BUILT_PRODUCTS_DIR)/MoviesApp.app/MoviesApp";
			};
			name = Release;
		};
		6CD13BFB28BFD33700057B68 /* Debug */ = {
			isa = XCBuildConfiguration;
			buildSettings = {
				ALWAYS_EMBED_SWIFT_STANDARD_LIBRARIES = YES;
				CODE_SIGN_STYLE = Automatic;
				CURRENT_PROJECT_VERSION = 1;
				GENERATE_INFOPLIST_FILE = YES;
				MARKETING_VERSION = 1.0;
				PRODUCT_BUNDLE_IDENTIFIER = com.APIFirstProject.MoviesAppUITests;
				PRODUCT_NAME = "$(TARGET_NAME)";
				SWIFT_EMIT_LOC_STRINGS = NO;
				SWIFT_VERSION = 5.0;
				TARGETED_DEVICE_FAMILY = "1,2";
				TEST_TARGET_NAME = MoviesApp;
			};
			name = Debug;
		};
		6CD13BFC28BFD33700057B68 /* Release */ = {
			isa = XCBuildConfiguration;
			buildSettings = {
				ALWAYS_EMBED_SWIFT_STANDARD_LIBRARIES = YES;
				CODE_SIGN_STYLE = Automatic;
				CURRENT_PROJECT_VERSION = 1;
				GENERATE_INFOPLIST_FILE = YES;
				MARKETING_VERSION = 1.0;
				PRODUCT_BUNDLE_IDENTIFIER = com.APIFirstProject.MoviesAppUITests;
				PRODUCT_NAME = "$(TARGET_NAME)";
				SWIFT_EMIT_LOC_STRINGS = NO;
				SWIFT_VERSION = 5.0;
				TARGETED_DEVICE_FAMILY = "1,2";
				TEST_TARGET_NAME = MoviesApp;
			};
			name = Release;
		};
/* End XCBuildConfiguration section */

/* Begin XCConfigurationList section */
		6CD13BC528BFD33500057B68 /* Build configuration list for PBXProject "MoviesApp" */ = {
			isa = XCConfigurationList;
			buildConfigurations = (
				6CD13BF228BFD33700057B68 /* Debug */,
				6CD13BF328BFD33700057B68 /* Release */,
			);
			defaultConfigurationIsVisible = 0;
			defaultConfigurationName = Release;
		};
		6CD13BF428BFD33700057B68 /* Build configuration list for PBXNativeTarget "MoviesApp" */ = {
			isa = XCConfigurationList;
			buildConfigurations = (
				6CD13BF528BFD33700057B68 /* Debug */,
				6CD13BF628BFD33700057B68 /* Release */,
			);
			defaultConfigurationIsVisible = 0;
			defaultConfigurationName = Release;
		};
		6CD13BF728BFD33700057B68 /* Build configuration list for PBXNativeTarget "MoviesAppTests" */ = {
			isa = XCConfigurationList;
			buildConfigurations = (
				6CD13BF828BFD33700057B68 /* Debug */,
				6CD13BF928BFD33700057B68 /* Release */,
			);
			defaultConfigurationIsVisible = 0;
			defaultConfigurationName = Release;
		};
		6CD13BFA28BFD33700057B68 /* Build configuration list for PBXNativeTarget "MoviesAppUITests" */ = {
			isa = XCConfigurationList;
			buildConfigurations = (
				6CD13BFB28BFD33700057B68 /* Debug */,
				6CD13BFC28BFD33700057B68 /* Release */,
			);
			defaultConfigurationIsVisible = 0;
			defaultConfigurationName = Release;
		};
/* End XCConfigurationList section */

/* Begin XCRemoteSwiftPackageReference section */
		6CD13BFD28BFD3D700057B68 /* XCRemoteSwiftPackageReference "SnapKit" */ = {
			isa = XCRemoteSwiftPackageReference;
			repositoryURL = "https://github.com/SnapKit/SnapKit.git";
			requirement = {
				branch = main;
				kind = branch;
			};
		};
/* End XCRemoteSwiftPackageReference section */

/* Begin XCSwiftPackageProductDependency section */
		6CD13BFE28BFD3D700057B68 /* SnapKit */ = {
			isa = XCSwiftPackageProductDependency;
			package = 6CD13BFD28BFD3D700057B68 /* XCRemoteSwiftPackageReference "SnapKit" */;
			productName = SnapKit;
		};
/* End XCSwiftPackageProductDependency section */
	};
	rootObject = 6CD13BC228BFD33500057B68 /* Project object */;
}
